<?xml version="1.0" encoding="utf-8"?>
<Project ToolsVersion="4.0" xmlns="http://schemas.microsoft.com/developer/msbuild/2003">
  <ItemGroup>
    <Filter Include="Resource Files">
      <UniqueIdentifier>{67DA6AB6-F800-4c08-8B7A-83BB121AAD01}</UniqueIdentifier>
      <Extensions>rc;ico;cur;bmp;dlg;rc2;rct;bin;rgs;gif;jpg;jpeg;jpe;resx;tiff;tif;png;wav;mfcribbon-ms</Extensions>
    </Filter>
    <Filter Include="src">
      <UniqueIdentifier>{3402cc4f-354d-4122-89f3-575612ab0c05}</UniqueIdentifier>
    </Filter>
  </ItemGroup>
  <ItemGroup>
    <ClInclude Include="actions\Actions.h">
      <Filter>src</Filter>
    </ClInclude>
    <ClInclude Include="actions\AIActions.h">
      <Filter>src</Filter>
    </ClInclude>
    <ClInclude Include="entity\Border.h">
      <Filter>src</Filter>
    </ClInclude>
    <ClInclude Include="entity\Bullet.h">
      <Filter>src</Filter>
    </ClInclude>
    <ClInclude Include="Collidable.h">
      <Filter>src</Filter>
    </ClInclude>
    <ClInclude Include="entity\Enemy.h">
      <Filter>src</Filter>
    </ClInclude>
    <ClInclude Include="entity\Entity.h">
      <Filter>src</Filter>
    </ClInclude>
    <ClInclude Include="entity\EntityManager.h">
      <Filter>src</Filter>
    </ClInclude>
    <ClInclude Include="Game.h">
      <Filter>src</Filter>
    </ClInclude>
    <ClInclude Include="GameContext.h">
      <Filter>src</Filter>
    </ClInclude>
    <ClInclude Include="gui\GuiElement.h">
      <Filter>src</Filter>
    </ClInclude>
    <ClInclude Include="gui\GuiLabel.h">
      <Filter>src</Filter>
    </ClInclude>
    <ClInclude Include="gui\GuiManager.h">
      <Filter>src</Filter>
    </ClInclude>
    <ClInclude Include="entity\Obstacle.h">
      <Filter>src</Filter>
    </ClInclude>
    <ClInclude Include="entity\Player.h">
      <Filter>src</Filter>
    </ClInclude>
    <ClInclude Include="Renderer.h">
      <Filter>src</Filter>
    </ClInclude>
    <ClInclude Include="gui\Score.h">
      <Filter>src</Filter>
    </ClInclude>
    <ClInclude Include="stdafx.h">
      <Filter>src</Filter>
    </ClInclude>
    <ClInclude Include="entity\Tank.h">
      <Filter>src</Filter>
    </ClInclude>
    <ClInclude Include="targetver.h">
      <Filter>src</Filter>
    </ClInclude>
  </ItemGroup>
  <ItemGroup>
    <ClCompile Include="actions\Actions.cpp">
      <Filter>src</Filter>
    </ClCompile>
    <ClCompile Include="actions\AIActions.cpp">
      <Filter>src</Filter>
    </ClCompile>
    <ClCompile Include="entity\Border.cpp">
      <Filter>src</Filter>
    </ClCompile>
    <ClCompile Include="entity\Bullet.cpp">
      <Filter>src</Filter>
    </ClCompile>
    <ClCompile Include="Collidable.cpp">
      <Filter>src</Filter>
    </ClCompile>
    <ClCompile Include="entity\Enemy.cpp">
      <Filter>src</Filter>
    </ClCompile>
    <ClCompile Include="entity\Entity.cpp">
      <Filter>src</Filter>
    </ClCompile>
    <ClCompile Include="entity\EntityManager.cpp">
      <Filter>src</Filter>
    </ClCompile>
    <ClCompile Include="Game.cpp">
      <Filter>src</Filter>
    </ClCompile>
    <ClCompile Include="Game2D.cpp">
      <Filter>src</Filter>
    </ClCompile>
    <ClCompile Include="GameContext.cpp">
      <Filter>src</Filter>
    </ClCompile>
    <ClCompile Include="gui\GuiLabel.cpp">
      <Filter>src</Filter>
    </ClCompile>
    <ClCompile Include="gui\GuiManager.cpp">
      <Filter>src</Filter>
    </ClCompile>
    <ClCompile Include="entity\Obstacle.cpp">
      <Filter>src</Filter>
    </ClCompile>
    <ClCompile Include="entity\Player.cpp">
      <Filter>src</Filter>
    </ClCompile>
    <ClCompile Include="Renderer.cpp">
      <Filter>src</Filter>
    </ClCompile>
    <ClCompile Include="gui\Score.cpp">
      <Filter>src</Filter>
    </ClCompile>
    <ClCompile Include="stdafx.cpp">
      <Filter>src</Filter>
    </ClCompile>
    <ClCompile Include="entity\Tank.cpp">
      <Filter>src</Filter>
    </ClCompile>
  </ItemGroup>
  <ItemGroup>
    <Image Include="..\Debug\res\image.jpg">
      <Filter>src</Filter>
    </Image>
  </ItemGroup>
</Project>